{
  "name": "tslint",
  "version": "2.4.0",
  "dependencies": {
    "findup-sync": {
      "version": "0.1.3",
      "from": "findup-sync@>=0.1.2 <0.2.0",
      "resolved": "http://registry.npmjs.org/findup-sync/-/findup-sync-0.1.3.tgz",
      "dependencies": {
        "glob": {
          "version": "3.2.11",
          "from": "glob@>=3.2.9 <3.3.0",
          "resolved": "https://registry.npmjs.org/glob/-/glob-3.2.11.tgz",
          "dependencies": {
            "inherits": {
              "version": "2.0.1",
              "from": "inherits@>=2.0.0 <3.0.0",
              "resolved": "https://registry.npmjs.org/inherits/-/inherits-2.0.1.tgz"
            },
            "minimatch": {
              "version": "0.3.0",
              "from": "minimatch@>=0.3.0 <0.4.0",
              "resolved": "https://registry.npmjs.org/minimatch/-/minimatch-0.3.0.tgz",
              "dependencies": {
                "lru-cache": {
                  "version": "2.6.5",
                  "from": "lru-cache@>=2.0.0 <3.0.0",
                  "resolved": "https://registry.npmjs.org/lru-cache/-/lru-cache-2.6.5.tgz"
                },
                "sigmund": {
                  "version": "1.0.1",
                  "from": "sigmund@>=1.0.0 <1.1.0",
                  "resolved": "https://registry.npmjs.org/sigmund/-/sigmund-1.0.1.tgz"
                }
              }
            }
          }
        },
        "lodash": {
          "version": "2.4.2",
          "from": "lodash@>=2.4.1 <2.5.0",
          "resolved": "https://registry.npmjs.org/lodash/-/lodash-2.4.2.tgz"
        }
      }
    },
    "optimist": {
      "version": "0.6.1",
      "from": "optimist@>=0.6.0 <0.7.0",
      "resolved": "https://registry.npmjs.org/optimist/-/optimist-0.6.1.tgz",
      "dependencies": {
        "wordwrap": {
          "version": "0.0.3",
          "from": "wordwrap@>=0.0.2 <0.1.0",
          "resolved": "https://registry.npmjs.org/wordwrap/-/wordwrap-0.0.3.tgz"
        },
        "minimist": {
          "version": "0.0.10",
          "from": "minimist@>=0.0.1 <0.1.0",
          "resolved": "https://registry.npmjs.org/minimist/-/minimist-0.0.10.tgz"
        }
      }
    },
    "underscore.string": {
      "version": "2.3.3",
      "from": "underscore.string@>=2.3.3 <2.4.0",
      "resolved": "https://registry.npmjs.org/underscore.string/-/underscore.string-2.3.3.tgz"
    }
  }
}
